
Microsoft Visual Studio Solution File, Format Version 12.00
# Visual Studio 14
VisualStudioVersion = 14.0.22823.1
MinimumVisualStudioVersion = 10.0.40219.1
Project("{FAE04EC0-301F-11D3-BF4B-00C04F79EFBC}") = "Idecom.Bus", "Idecom.Bus\Idecom.Bus.csproj", "{EE090F5D-3B56-4773-8B22-28EEEC9D18E2}"
EndProject
Project("{FAE04EC0-301F-11D3-BF4B-00C04F79EFBC}") = "Idecom.Bus.SampleApp1", "Idecom.Bus.SampleApp1\Idecom.Bus.SampleApp1.csproj", "{E0E1348C-379A-4BD6-B111-5F93BBC20C59}"
EndProject
Project("{2150E333-8FDC-42A3-9474-1A3956D46DE8}") = ".nuget", ".nuget", "{950FC4E8-2B09-42BF-9D84-F43AAEB98DD3}"
	ProjectSection(SolutionItems) = preProject
		.nuget\NuGet.Config = .nuget\NuGet.Config
		.nuget\NuGet.exe = .nuget\NuGet.exe
		.nuget\NuGet.targets = .nuget\NuGet.targets
	EndProjectSection
EndProject
Project("{FAE04EC0-301F-11D3-BF4B-00C04F79EFBC}") = "Idecom.Bus.SampleMessages", "Idecom.Bus.SampleMessages\Idecom.Bus.SampleMessages.csproj", "{E20AA1BC-93B3-44D1-9FF0-35DAE236F1D7}"
EndProject
Project("{FAE04EC0-301F-11D3-BF4B-00C04F79EFBC}") = "Idecom.Bus.Transport.MongoDB", "Idecom.Bus.Transport.MongoDB\Idecom.Bus.Transport.MongoDB.csproj", "{CDCA2FD0-B0FC-4544-B731-6DAF7FD14752}"
EndProject
Project("{FAE04EC0-301F-11D3-BF4B-00C04F79EFBC}") = "Idecom.Bus.Serializer.JsonNet", "Idecom.Bus.Serializer.JsonNet\Idecom.Bus.Serializer.JsonNet.csproj", "{8A0FC948-3CA2-4EAC-87C9-9D76CE180B7A}"
EndProject
Project("{FAE04EC0-301F-11D3-BF4B-00C04F79EFBC}") = "Idecom.Bus.IoC.CastleWindsor", "Idecom.Bus.IoC.CastleWindsor\Idecom.Bus.IoC.CastleWindsor.csproj", "{ECF7264E-6522-4653-A47B-DCFFF6DF5EFD}"
EndProject
Project("{2150E333-8FDC-42A3-9474-1A3956D46DE8}") = "Bus", "Bus", "{6E87FB2A-FCC6-4B0B-BD1C-85DC0744C90D}"
EndProject
Project("{2150E333-8FDC-42A3-9474-1A3956D46DE8}") = "Samples", "Samples", "{D695A140-3121-4E7E-96EA-53C24CD19CDF}"
EndProject
Project("{FAE04EC0-301F-11D3-BF4B-00C04F79EFBC}") = "Idecom.Bus.Tests", "Idecom.Bus.Tests\Idecom.Bus.Tests.csproj", "{33461395-4EE4-4A46-802C-0AF8EA8F72D8}"
EndProject
Project("{FAE04EC0-301F-11D3-BF4B-00C04F79EFBC}") = "Idecom.Bus.SampleApp2", "Idecom.Bus.SampleApp2\Idecom.Bus.SampleApp2.csproj", "{85E12375-3A63-4FB6-AE15-EDDAB755E2AE}"
EndProject
Project("{FAE04EC0-301F-11D3-BF4B-00C04F79EFBC}") = "Idecom.Bus.PubSub.MongoDB", "Idecom.Bus.PubSub.MongoDB\Idecom.Bus.PubSub.MongoDB.csproj", "{9DD532AF-0C9B-427E-9100-02B526707105}"
EndProject
Project("{FAE04EC0-301F-11D3-BF4B-00C04F79EFBC}") = "Idecom.Bus.Testing", "Idecom.Bus.Testing\Idecom.Bus.Testing.csproj", "{A6554D03-7DF4-49C6-BA5C-DEEDFB424F9A}"
EndProject
Project("{FAE04EC0-301F-11D3-BF4B-00C04F79EFBC}") = "Idecom.Bus.Logging.Log4Net", "Idecom.Bus.Logging.Log4Net\Idecom.Bus.Logging.Log4Net.csproj", "{365DA9C2-7754-45B3-A466-5424ADE2DBD9}"
EndProject
Project("{FAE04EC0-301F-11D3-BF4B-00C04F79EFBC}") = "Idecom.Host.Windows", "Idecom.Host.Windows\Idecom.Host.Windows.csproj", "{0B8C2324-29FA-48AB-86E0-8507657294FD}"
EndProject
Project("{2150E333-8FDC-42A3-9474-1A3956D46DE8}") = "Host", "Host", "{9FF41EA4-7212-4A15-9951-D00942533EB9}"
EndProject
Project("{FAE04EC0-301F-11D3-BF4B-00C04F79EFBC}") = "Idecom.Host.Infrustructure.Interfaces", "Idecom.Host.Infrustructure.Interfaces\Idecom.Host.Infrustructure.Interfaces.csproj", "{7C877AAE-7BC7-4121-9019-7B900EBAA075}"
EndProject
Project("{FAE04EC0-301F-11D3-BF4B-00C04F79EFBC}") = "Idecom.Host.Infrustructure.Implementations", "Idecom.Host.Infrustructure.Implementations\Idecom.Host.Infrustructure.Implementations.csproj", "{A290E2D8-C3B7-451F-9B05-C5C61F720326}"
EndProject
Project("{2150E333-8FDC-42A3-9474-1A3956D46DE8}") = "Samples", "Samples", "{CCACC676-2205-423D-9060-476D52DC3049}"
EndProject
Project("{FAE04EC0-301F-11D3-BF4B-00C04F79EFBC}") = "Idecom.Host.SampleApp1", "Idecom.Host.SampleApp1\Idecom.Host.SampleApp1.csproj", "{439EA108-3075-4973-83B5-89F61AD4124B}"
EndProject
Global
	GlobalSection(SolutionConfigurationPlatforms) = preSolution
		Debug|Any CPU = Debug|Any CPU
		Release|Any CPU = Release|Any CPU
	EndGlobalSection
	GlobalSection(ProjectConfigurationPlatforms) = postSolution
		{EE090F5D-3B56-4773-8B22-28EEEC9D18E2}.Debug|Any CPU.ActiveCfg = Debug|Any CPU
		{EE090F5D-3B56-4773-8B22-28EEEC9D18E2}.Debug|Any CPU.Build.0 = Debug|Any CPU
		{EE090F5D-3B56-4773-8B22-28EEEC9D18E2}.Release|Any CPU.ActiveCfg = Release|Any CPU
		{EE090F5D-3B56-4773-8B22-28EEEC9D18E2}.Release|Any CPU.Build.0 = Release|Any CPU
		{E0E1348C-379A-4BD6-B111-5F93BBC20C59}.Debug|Any CPU.ActiveCfg = Debug|Any CPU
		{E0E1348C-379A-4BD6-B111-5F93BBC20C59}.Debug|Any CPU.Build.0 = Debug|Any CPU
		{E0E1348C-379A-4BD6-B111-5F93BBC20C59}.Release|Any CPU.ActiveCfg = Release|Any CPU
		{E0E1348C-379A-4BD6-B111-5F93BBC20C59}.Release|Any CPU.Build.0 = Release|Any CPU
		{E20AA1BC-93B3-44D1-9FF0-35DAE236F1D7}.Debug|Any CPU.ActiveCfg = Debug|Any CPU
		{E20AA1BC-93B3-44D1-9FF0-35DAE236F1D7}.Debug|Any CPU.Build.0 = Debug|Any CPU
		{E20AA1BC-93B3-44D1-9FF0-35DAE236F1D7}.Release|Any CPU.ActiveCfg = Release|Any CPU
		{E20AA1BC-93B3-44D1-9FF0-35DAE236F1D7}.Release|Any CPU.Build.0 = Release|Any CPU
		{CDCA2FD0-B0FC-4544-B731-6DAF7FD14752}.Debug|Any CPU.ActiveCfg = Debug|Any CPU
		{CDCA2FD0-B0FC-4544-B731-6DAF7FD14752}.Debug|Any CPU.Build.0 = Debug|Any CPU
		{CDCA2FD0-B0FC-4544-B731-6DAF7FD14752}.Release|Any CPU.ActiveCfg = Release|Any CPU
		{CDCA2FD0-B0FC-4544-B731-6DAF7FD14752}.Release|Any CPU.Build.0 = Release|Any CPU
		{8A0FC948-3CA2-4EAC-87C9-9D76CE180B7A}.Debug|Any CPU.ActiveCfg = Debug|Any CPU
		{8A0FC948-3CA2-4EAC-87C9-9D76CE180B7A}.Debug|Any CPU.Build.0 = Debug|Any CPU
		{8A0FC948-3CA2-4EAC-87C9-9D76CE180B7A}.Release|Any CPU.ActiveCfg = Release|Any CPU
		{8A0FC948-3CA2-4EAC-87C9-9D76CE180B7A}.Release|Any CPU.Build.0 = Release|Any CPU
		{ECF7264E-6522-4653-A47B-DCFFF6DF5EFD}.Debug|Any CPU.ActiveCfg = Debug|Any CPU
		{ECF7264E-6522-4653-A47B-DCFFF6DF5EFD}.Debug|Any CPU.Build.0 = Debug|Any CPU
		{ECF7264E-6522-4653-A47B-DCFFF6DF5EFD}.Release|Any CPU.ActiveCfg = Release|Any CPU
		{ECF7264E-6522-4653-A47B-DCFFF6DF5EFD}.Release|Any CPU.Build.0 = Release|Any CPU
		{33461395-4EE4-4A46-802C-0AF8EA8F72D8}.Debug|Any CPU.ActiveCfg = Debug|Any CPU
		{33461395-4EE4-4A46-802C-0AF8EA8F72D8}.Debug|Any CPU.Build.0 = Debug|Any CPU
		{33461395-4EE4-4A46-802C-0AF8EA8F72D8}.Release|Any CPU.ActiveCfg = Release|Any CPU
		{33461395-4EE4-4A46-802C-0AF8EA8F72D8}.Release|Any CPU.Build.0 = Release|Any CPU
		{85E12375-3A63-4FB6-AE15-EDDAB755E2AE}.Debug|Any CPU.ActiveCfg = Debug|Any CPU
		{85E12375-3A63-4FB6-AE15-EDDAB755E2AE}.Debug|Any CPU.Build.0 = Debug|Any CPU
		{85E12375-3A63-4FB6-AE15-EDDAB755E2AE}.Release|Any CPU.ActiveCfg = Release|Any CPU
		{85E12375-3A63-4FB6-AE15-EDDAB755E2AE}.Release|Any CPU.Build.0 = Release|Any CPU
		{9DD532AF-0C9B-427E-9100-02B526707105}.Debug|Any CPU.ActiveCfg = Debug|Any CPU
		{9DD532AF-0C9B-427E-9100-02B526707105}.Debug|Any CPU.Build.0 = Debug|Any CPU
		{9DD532AF-0C9B-427E-9100-02B526707105}.Release|Any CPU.ActiveCfg = Release|Any CPU
		{9DD532AF-0C9B-427E-9100-02B526707105}.Release|Any CPU.Build.0 = Release|Any CPU
		{A6554D03-7DF4-49C6-BA5C-DEEDFB424F9A}.Debug|Any CPU.ActiveCfg = Debug|Any CPU
		{A6554D03-7DF4-49C6-BA5C-DEEDFB424F9A}.Debug|Any CPU.Build.0 = Debug|Any CPU
		{A6554D03-7DF4-49C6-BA5C-DEEDFB424F9A}.Release|Any CPU.ActiveCfg = Release|Any CPU
		{A6554D03-7DF4-49C6-BA5C-DEEDFB424F9A}.Release|Any CPU.Build.0 = Release|Any CPU
		{365DA9C2-7754-45B3-A466-5424ADE2DBD9}.Debug|Any CPU.ActiveCfg = Debug|Any CPU
		{365DA9C2-7754-45B3-A466-5424ADE2DBD9}.Debug|Any CPU.Build.0 = Debug|Any CPU
		{365DA9C2-7754-45B3-A466-5424ADE2DBD9}.Release|Any CPU.ActiveCfg = Release|Any CPU
		{365DA9C2-7754-45B3-A466-5424ADE2DBD9}.Release|Any CPU.Build.0 = Release|Any CPU
		{0B8C2324-29FA-48AB-86E0-8507657294FD}.Debug|Any CPU.ActiveCfg = Debug|Any CPU
		{0B8C2324-29FA-48AB-86E0-8507657294FD}.Debug|Any CPU.Build.0 = Debug|Any CPU
		{0B8C2324-29FA-48AB-86E0-8507657294FD}.Release|Any CPU.ActiveCfg = Release|Any CPU
		{0B8C2324-29FA-48AB-86E0-8507657294FD}.Release|Any CPU.Build.0 = Release|Any CPU
		{7C877AAE-7BC7-4121-9019-7B900EBAA075}.Debug|Any CPU.ActiveCfg = Debug|Any CPU
		{7C877AAE-7BC7-4121-9019-7B900EBAA075}.Debug|Any CPU.Build.0 = Debug|Any CPU
		{7C877AAE-7BC7-4121-9019-7B900EBAA075}.Release|Any CPU.ActiveCfg = Release|Any CPU
		{7C877AAE-7BC7-4121-9019-7B900EBAA075}.Release|Any CPU.Build.0 = Release|Any CPU
		{A290E2D8-C3B7-451F-9B05-C5C61F720326}.Debug|Any CPU.ActiveCfg = Debug|Any CPU
		{A290E2D8-C3B7-451F-9B05-C5C61F720326}.Debug|Any CPU.Build.0 = Debug|Any CPU
		{A290E2D8-C3B7-451F-9B05-C5C61F720326}.Release|Any CPU.ActiveCfg = Release|Any CPU
		{A290E2D8-C3B7-451F-9B05-C5C61F720326}.Release|Any CPU.Build.0 = Release|Any CPU
		{439EA108-3075-4973-83B5-89F61AD4124B}.Debug|Any CPU.ActiveCfg = Debug|Any CPU
		{439EA108-3075-4973-83B5-89F61AD4124B}.Debug|Any CPU.Build.0 = Debug|Any CPU
		{439EA108-3075-4973-83B5-89F61AD4124B}.Release|Any CPU.ActiveCfg = Release|Any CPU
		{439EA108-3075-4973-83B5-89F61AD4124B}.Release|Any CPU.Build.0 = Release|Any CPU
	EndGlobalSection
	GlobalSection(SolutionProperties) = preSolution
		HideSolutionNode = FALSE
	EndGlobalSection
	GlobalSection(NestedProjects) = preSolution
		{EE090F5D-3B56-4773-8B22-28EEEC9D18E2} = {6E87FB2A-FCC6-4B0B-BD1C-85DC0744C90D}
		{E0E1348C-379A-4BD6-B111-5F93BBC20C59} = {D695A140-3121-4E7E-96EA-53C24CD19CDF}
		{E20AA1BC-93B3-44D1-9FF0-35DAE236F1D7} = {D695A140-3121-4E7E-96EA-53C24CD19CDF}
		{CDCA2FD0-B0FC-4544-B731-6DAF7FD14752} = {6E87FB2A-FCC6-4B0B-BD1C-85DC0744C90D}
		{8A0FC948-3CA2-4EAC-87C9-9D76CE180B7A} = {6E87FB2A-FCC6-4B0B-BD1C-85DC0744C90D}
		{ECF7264E-6522-4653-A47B-DCFFF6DF5EFD} = {6E87FB2A-FCC6-4B0B-BD1C-85DC0744C90D}
		{D695A140-3121-4E7E-96EA-53C24CD19CDF} = {6E87FB2A-FCC6-4B0B-BD1C-85DC0744C90D}
		{33461395-4EE4-4A46-802C-0AF8EA8F72D8} = {6E87FB2A-FCC6-4B0B-BD1C-85DC0744C90D}
		{85E12375-3A63-4FB6-AE15-EDDAB755E2AE} = {D695A140-3121-4E7E-96EA-53C24CD19CDF}
		{9DD532AF-0C9B-427E-9100-02B526707105} = {6E87FB2A-FCC6-4B0B-BD1C-85DC0744C90D}
		{A6554D03-7DF4-49C6-BA5C-DEEDFB424F9A} = {6E87FB2A-FCC6-4B0B-BD1C-85DC0744C90D}
		{365DA9C2-7754-45B3-A466-5424ADE2DBD9} = {6E87FB2A-FCC6-4B0B-BD1C-85DC0744C90D}
		{0B8C2324-29FA-48AB-86E0-8507657294FD} = {9FF41EA4-7212-4A15-9951-D00942533EB9}
		{7C877AAE-7BC7-4121-9019-7B900EBAA075} = {9FF41EA4-7212-4A15-9951-D00942533EB9}
		{A290E2D8-C3B7-451F-9B05-C5C61F720326} = {9FF41EA4-7212-4A15-9951-D00942533EB9}
		{CCACC676-2205-423D-9060-476D52DC3049} = {9FF41EA4-7212-4A15-9951-D00942533EB9}
		{439EA108-3075-4973-83B5-89F61AD4124B} = {CCACC676-2205-423D-9060-476D52DC3049}
	EndGlobalSection
EndGlobal
